// !$*UTF8*$!
{
	archiveVersion = 1;
	classes = {
	};
	objectVersion = 50;
	objects = {

/* Begin PBXBuildFile section */
		64EC94BA254318D000B50EBF /* AppDelegate.swift in Sources */ = {isa = PBXBuildFile; fileRef = 64EC94B9254318D000B50EBF /* AppDelegate.swift */; };
		64EC94BC254318D000B50EBF /* SceneDelegate.swift in Sources */ = {isa = PBXBuildFile; fileRef = 64EC94BB254318D000B50EBF /* SceneDelegate.swift */; };
		64EC94BE254318D000B50EBF /* ViewController.swift in Sources */ = {isa = PBXBuildFile; fileRef = 64EC94BD254318D000B50EBF /* ViewController.swift */; };
		64EC94C1254318D100B50EBF /* Main.storyboard in Resources */ = {isa = PBXBuildFile; fileRef = 64EC94BF254318D100B50EBF /* Main.storyboard */; };
		64EC94C3254318D300B50EBF /* Assets.xcassets in Resources */ = {isa = PBXBuildFile; fileRef = 64EC94C2254318D300B50EBF /* Assets.xcassets */; };
		64EC94C6254318D300B50EBF /* LaunchScreen.storyboard in Resources */ = {isa = PBXBuildFile; fileRef = 64EC94C4254318D300B50EBF /* LaunchScreen.storyboard */; };
		64EC94DC254318D300B50EBF /* TicTacToeUITests.swift in Sources */ = {isa = PBXBuildFile; fileRef = 64EC94DB254318D300B50EBF /* TicTacToeUITests.swift */; };
		64EC94ED254624EC00B50EBF /* Board.swift in Sources */ = {isa = PBXBuildFile; fileRef = 64EC94EC254624EC00B50EBF /* Board.swift */; };
		64EC94EE254624EC00B50EBF /* Board.swift in Sources */ = {isa = PBXBuildFile; fileRef = 64EC94EC254624EC00B50EBF /* Board.swift */; };
		64EC94F3254627C600B50EBF /* BoardTests.swift in Sources */ = {isa = PBXBuildFile; fileRef = 64EC94F2254627C600B50EBF /* BoardTests.swift */; };
/* End PBXBuildFile section */

/* Begin PBXContainerItemProxy section */
		64EC94CD254318D300B50EBF /* PBXContainerItemProxy */ = {
			isa = PBXContainerItemProxy;
			containerPortal = 64EC94AE254318D000B50EBF /* Project object */;
			proxyType = 1;
			remoteGlobalIDString = 64EC94B5254318D000B50EBF;
			remoteInfo = TicTacToe;
		};
		64EC94D8254318D300B50EBF /* PBXContainerItemProxy */ = {
			isa = PBXContainerItemProxy;
			containerPortal = 64EC94AE254318D000B50EBF /* Project object */;
			proxyType = 1;
			remoteGlobalIDString = 64EC94B5254318D000B50EBF;
			remoteInfo = TicTacToe;
		};
/* End PBXContainerItemProxy section */

/* Begin PBXFileReference section */
		64EC94B6254318D000B50EBF /* TicTacToe.app */ = {isa = PBXFileReference; explicitFileType = wrapper.application; includeInIndex = 0; path = TicTacToe.app; sourceTree = BUILT_PRODUCTS_DIR; };
		64EC94B9254318D000B50EBF /* AppDelegate.swift */ = {isa = PBXFileReference; lastKnownFileType = sourcecode.swift; path = AppDelegate.swift; sourceTree = "<group>"; };
		64EC94BB254318D000B50EBF /* SceneDelegate.swift */ = {isa = PBXFileReference; lastKnownFileType = sourcecode.swift; path = SceneDelegate.swift; sourceTree = "<group>"; };
		64EC94BD254318D000B50EBF /* ViewController.swift */ = {isa = PBXFileReference; lastKnownFileType = sourcecode.swift; path = ViewController.swift; sourceTree = "<group>"; };
		64EC94C0254318D100B50EBF /* Base */ = {isa = PBXFileReference; lastKnownFileType = file.storyboard; name = Base; path = Base.lproj/Main.storyboard; sourceTree = "<group>"; };
		64EC94C2254318D300B50EBF /* Assets.xcassets */ = {isa = PBXFileReference; lastKnownFileType = folder.assetcatalog; path = Assets.xcassets; sourceTree = "<group>"; };
		64EC94C5254318D300B50EBF /* Base */ = {isa = PBXFileReference; lastKnownFileType = file.storyboard; name = Base; path = Base.lproj/LaunchScreen.storyboard; sourceTree = "<group>"; };
		64EC94C7254318D300B50EBF /* Info.plist */ = {isa = PBXFileReference; lastKnownFileType = text.plist.xml; path = Info.plist; sourceTree = "<group>"; };
		64EC94CC254318D300B50EBF /* TicTacToeTests.xctest */ = {isa = PBXFileReference; explicitFileType = wrapper.cfbundle; includeInIndex = 0; path = TicTacToeTests.xctest; sourceTree = BUILT_PRODUCTS_DIR; };
		64EC94D2254318D300B50EBF /* Info.plist */ = {isa = PBXFileReference; lastKnownFileType = text.plist.xml; path = Info.plist; sourceTree = "<group>"; };
		64EC94D7254318D300B50EBF /* TicTacToeUITests.xctest */ = {isa = PBXFileReference; explicitFileType = wrapper.cfbundle; includeInIndex = 0; path = TicTacToeUITests.xctest; sourceTree = BUILT_PRODUCTS_DIR; };
		64EC94DB254318D300B50EBF /* TicTacToeUITests.swift */ = {isa = PBXFileReference; lastKnownFileType = sourcecode.swift; path = TicTacToeUITests.swift; sourceTree = "<group>"; };
		64EC94DD254318D300B50EBF /* Info.plist */ = {isa = PBXFileReference; lastKnownFileType = text.plist.xml; path = Info.plist; sourceTree = "<group>"; };
		64EC94EC254624EC00B50EBF /* Board.swift */ = {isa = PBXFileReference; lastKnownFileType = sourcecode.swift; path = Board.swift; sourceTree = "<group>"; };
		64EC94F2254627C600B50EBF /* BoardTests.swift */ = {isa = PBXFileReference; lastKnownFileType = sourcecode.swift; path = BoardTests.swift; sourceTree = "<group>"; };
/* End PBXFileReference section */

/* Begin PBXFrameworksBuildPhase section */
		64EC94B3254318D000B50EBF /* Frameworks */ = {
			isa = PBXFrameworksBuildPhase;
			buildActionMask = 2147483647;
			files = (
			);
			runOnlyForDeploymentPostprocessing = 0;
		};
		64EC94C9254318D300B50EBF /* Frameworks */ = {
			isa = PBXFrameworksBuildPhase;
			buildActionMask = 2147483647;
			files = (
			);
			runOnlyForDeploymentPostprocessing = 0;
		};
		64EC94D4254318D300B50EBF /* Frameworks */ = {
			isa = PBXFrameworksBuildPhase;
			buildActionMask = 2147483647;
			files = (
			);
			runOnlyForDeploymentPostprocessing = 0;
		};
/* End PBXFrameworksBuildPhase section */

/* Begin PBXGroup section */
		64EC94AD254318D000B50EBF = {
			isa = PBXGroup;
			children = (
				64EC94B8254318D000B50EBF /* TicTacToe */,
				64EC94CF254318D300B50EBF /* TicTacToeTests */,
				64EC94DA254318D300B50EBF /* TicTacToeUITests */,
				64EC94B7254318D000B50EBF /* Products */,
			);
			sourceTree = "<group>";
		};
		64EC94B7254318D000B50EBF /* Products */ = {
			isa = PBXGroup;
			children = (
				64EC94B6254318D000B50EBF /* TicTacToe.app */,
				64EC94CC254318D300B50EBF /* TicTacToeTests.xctest */,
				64EC94D7254318D300B50EBF /* TicTacToeUITests.xctest */,
			);
			name = Products;
			sourceTree = "<group>";
		};
		64EC94B8254318D000B50EBF /* TicTacToe */ = {
			isa = PBXGroup;
			children = (
				64EC94B9254318D000B50EBF /* AppDelegate.swift */,
				64EC94BB254318D000B50EBF /* SceneDelegate.swift */,
				64EC94BD254318D000B50EBF /* ViewController.swift */,
				64EC94BF254318D100B50EBF /* Main.storyboard */,
				64EC94C2254318D300B50EBF /* Assets.xcassets */,
				64EC94C4254318D300B50EBF /* LaunchScreen.storyboard */,
				64EC94C7254318D300B50EBF /* Info.plist */,
				64EC94EC254624EC00B50EBF /* Board.swift */,
			);
			path = TicTacToe;
			sourceTree = "<group>";
		};
		64EC94CF254318D300B50EBF /* TicTacToeTests */ = {
			isa = PBXGroup;
			children = (
				64EC94D2254318D300B50EBF /* Info.plist */,
				64EC94F2254627C600B50EBF /* BoardTests.swift */,
			);
			path = TicTacToeTests;
			sourceTree = "<group>";
		};
		64EC94DA254318D300B50EBF /* TicTacToeUITests */ = {
			isa = PBXGroup;
			children = (
				64EC94DB254318D300B50EBF /* TicTacToeUITests.swift */,
				64EC94DD254318D300B50EBF /* Info.plist */,
			);
			path = TicTacToeUITests;
			sourceTree = "<group>";
		};
/* End PBXGroup section */

/* Begin PBXNativeTarget section */
		64EC94B5254318D000B50EBF /* TicTacToe */ = {
			isa = PBXNativeTarget;
			buildConfigurationList = 64EC94E0254318D300B50EBF /* Build configuration list for PBXNativeTarget "TicTacToe" */;
			buildPhases = (
				64EC94B2254318D000B50EBF /* Sources */,
				64EC94B3254318D000B50EBF /* Frameworks */,
				64EC94B4254318D000B50EBF /* Resources */,
			);
			buildRules = (
			);
			dependencies = (
			);
			name = TicTacToe;
			productName = TicTacToe;
			productReference = 64EC94B6254318D000B50EBF /* TicTacToe.app */;
			productType = "com.apple.product-type.application";
		};
		64EC94CB254318D300B50EBF /* TicTacToeTests */ = {
			isa = PBXNativeTarget;
			buildConfigurationList = 64EC94E3254318D300B50EBF /* Build configuration list for PBXNativeTarget "TicTacToeTests" */;
			buildPhases = (
				64EC94C8254318D300B50EBF /* Sources */,
				64EC94C9254318D300B50EBF /* Frameworks */,
				64EC94CA254318D300B50EBF /* Resources */,
			);
			buildRules = (
			);
			dependencies = (
				64EC94CE254318D300B50EBF /* PBXTargetDependency */,
			);
			name = TicTacToeTests;
			productName = TicTacToeTests;
			productReference = 64EC94CC254318D300B50EBF /* TicTacToeTests.xctest */;
			productType = "com.apple.product-type.bundle.unit-test";
		};
		64EC94D6254318D300B50EBF /* TicTacToeUITests */ = {
			isa = PBXNativeTarget;
			buildConfigurationList = 64EC94E6254318D300B50EBF /* Build configuration list for PBXNativeTarget "TicTacToeUITests" */;
			buildPhases = (
				64EC94D3254318D300B50EBF /* Sources */,
				64EC94D4254318D300B50EBF /* Frameworks */,
				64EC94D5254318D300B50EBF /* Resources */,
			);
			buildRules = (
			);
			dependencies = (
				64EC94D9254318D300B50EBF /* PBXTargetDependency */,
			);
			name = TicTacToeUITests;
			productName = TicTacToeUITests;
			productReference = 64EC94D7254318D300B50EBF /* TicTacToeUITests.xctest */;
			productType = "com.apple.product-type.bundle.ui-testing";
		};
/* End PBXNativeTarget section */

/* Begin PBXProject section */
		64EC94AE254318D000B50EBF /* Project object */ = {
			isa = PBXProject;
			attributes = {
				LastSwiftUpdateCheck = 1200;
				LastUpgradeCheck = 1200;
				TargetAttributes = {
					64EC94B5254318D000B50EBF = {
						CreatedOnToolsVersion = 12.0.1;
					};
					64EC94CB254318D300B50EBF = {
						CreatedOnToolsVersion = 12.0.1;
						TestTargetID = 64EC94B5254318D000B50EBF;
					};
					64EC94D6254318D300B50EBF = {
						CreatedOnToolsVersion = 12.0.1;
						TestTargetID = 64EC94B5254318D000B50EBF;
					};
				};
			};
			buildConfigurationList = 64EC94B1254318D000B50EBF /* Build configuration list for PBXProject "TicTacToe" */;
			compatibilityVersion = "Xcode 9.3";
			developmentRegion = en;
			hasScannedForEncodings = 0;
			knownRegions = (
				en,
				Base,
			);
			mainGroup = 64EC94AD254318D000B50EBF;
			productRefGroup = 64EC94B7254318D000B50EBF /* Products */;
			projectDirPath = "";
			projectRoot = "";
			targets = (
				64EC94B5254318D000B50EBF /* TicTacToe */,
				64EC94CB254318D300B50EBF /* TicTacToeTests */,
				64EC94D6254318D300B50EBF /* TicTacToeUITests */,
			);
		};
/* End PBXProject section */

/* Begin PBXResourcesBuildPhase section */
		64EC94B4254318D000B50EBF /* Resources */ = {
			isa = PBXResourcesBuildPhase;
			buildActionMask = 2147483647;
			files = (
				64EC94C6254318D300B50EBF /* LaunchScreen.storyboard in Resources */,
				64EC94C3254318D300B50EBF /* Assets.xcassets in Resources */,
				64EC94C1254318D100B50EBF /* Main.storyboard in Resources */,
			);
			runOnlyForDeploymentPostprocessing = 0;
		};
		64EC94CA254318D300B50EBF /* Resources */ = {
			isa = PBXResourcesBuildPhase;
			buildActionMask = 2147483647;
			files = (
			);
			runOnlyForDeploymentPostprocessing = 0;
		};
		64EC94D5254318D300B50EBF /* Resources */ = {
			isa = PBXResourcesBuildPhase;
			buildActionMask = 2147483647;
			files = (
			);
			runOnlyForDeploymentPostprocessing = 0;
		};
/* End PBXResourcesBuildPhase section */

/* Begin PBXSourcesBuildPhase section */
		64EC94B2254318D000B50EBF /* Sources */ = {
			isa = PBXSourcesBuildPhase;
			buildActionMask = 2147483647;
			files = (
				64EC94BE254318D000B50EBF /* ViewController.swift in Sources */,
				64EC94BA254318D000B50EBF /* AppDelegate.swift in Sources */,
				64EC94ED254624EC00B50EBF /* Board.swift in Sources */,
				64EC94BC254318D000B50EBF /* SceneDelegate.swift in Sources */,
			);
			runOnlyForDeploymentPostprocessing = 0;
		};
		64EC94C8254318D300B50EBF /* Sources */ = {
			isa = PBXSourcesBuildPhase;
			buildActionMask = 2147483647;
			files = (
				64EC94EE254624EC00B50EBF /* Board.swift in Sources */,
				64EC94F3254627C600B50EBF /* BoardTests.swift in Sources */,
			);
			runOnlyForDeploymentPostprocessing = 0;
		};
		64EC94D3254318D300B50EBF /* Sources */ = {
			isa = PBXSourcesBuildPhase;
			buildActionMask = 2147483647;
			files = (
				64EC94DC254318D300B50EBF /* TicTacToeUITests.swift in Sources */,
			);
			runOnlyForDeploymentPostprocessing = 0;
		};
/* End PBXSourcesBuildPhase section */

/* Begin PBXTargetDependency section */
		64EC94CE254318D300B50EBF /* PBXTargetDependency */ = {
			isa = PBXTargetDependency;
			target = 64EC94B5254318D000B50EBF /* TicTacToe */;
			targetProxy = 64EC94CD254318D300B50EBF /* PBXContainerItemProxy */;
		};
		64EC94D9254318D300B50EBF /* PBXTargetDependency */ = {
			isa = PBXTargetDependency;
			target = 64EC94B5254318D000B50EBF /* TicTacToe */;
			targetProxy = 64EC94D8254318D300B50EBF /* PBXContainerItemProxy */;
		};
/* End PBXTargetDependency section */

/* Begin PBXVariantGroup section */
		64EC94BF254318D100B50EBF /* Main.storyboard */ = {
			isa = PBXVariantGroup;
			children = (
				64EC94C0254318D100B50EBF /* Base */,
			);
			name = Main.storyboard;
			sourceTree = "<group>";
		};
		64EC94C4254318D300B50EBF /* LaunchScreen.storyboard */ = {
			isa = PBXVariantGroup;
			children = (
				64EC94C5254318D300B50EBF /* Base */,
			);
			name = LaunchScreen.storyboard;
			sourceTree = "<group>";
		};
/* End PBXVariantGroup section */

/* Begin XCBuildConfiguration section */
		64EC94DE254318D300B50EBF /* Debug */ = {
			isa = XCBuildConfiguration;
			buildSettings = {
				ALWAYS_SEARCH_USER_PATHS = NO;
				CLANG_ANALYZER_NONNULL = YES;
				CLANG_ANALYZER_NUMBER_OBJECT_CONVERSION = YES_AGGRESSIVE;
				CLANG_CXX_LANGUAGE_STANDARD = "gnu++14";
				CLANG_CXX_LIBRARY = "libc++";
				CLANG_ENABLE_MODULES = YES;
				CLANG_ENABLE_OBJC_ARC = YES;
				CLANG_ENABLE_OBJC_WEAK = YES;
				CLANG_WARN_BLOCK_CAPTURE_AUTORELEASING = YES;
				CLANG_WARN_BOOL_CONVERSION = YES;
				CLANG_WARN_COMMA = YES;
				CLANG_WARN_CONSTANT_CONVERSION = YES;
				CLANG_WARN_DEPRECATED_OBJC_IMPLEMENTATIONS = YES;
				CLANG_WARN_DIRECT_OBJC_ISA_USAGE = YES_ERROR;
				CLANG_WARN_DOCUMENTATION_COMMENTS = YES;
				CLANG_WARN_EMPTY_BODY = YES;
				CLANG_WARN_ENUM_CONVERSION = YES;
				CLANG_WARN_INFINITE_RECURSION = YES;
				CLANG_WARN_INT_CONVERSION = YES;
				CLANG_WARN_NON_LITERAL_NULL_CONVERSION = YES;
				CLANG_WARN_OBJC_IMPLICIT_RETAIN_SELF = YES;
				CLANG_WARN_OBJC_LITERAL_CONVERSION = YES;
				CLANG_WARN_OBJC_ROOT_CLASS = YES_ERROR;
				CLANG_WARN_QUOTED_INCLUDE_IN_FRAMEWORK_HEADER = YES;
				CLANG_WARN_RANGE_LOOP_ANALYSIS = YES;
				CLANG_WARN_STRICT_PROTOTYPES = YES;
				CLANG_WARN_SUSPICIOUS_MOVE = YES;
				CLANG_WARN_UNGUARDED_AVAILABILITY = YES_AGGRESSIVE;
				CLANG_WARN_UNREACHABLE_CODE = YES;
				CLANG_WARN__DUPLICATE_METHOD_MATCH = YES;
				COPY_PHASE_STRIP = NO;
				DEBUG_INFORMATION_FORMAT = dwarf;
				ENABLE_STRICT_OBJC_MSGSEND = YES;
				ENABLE_TESTABILITY = YES;
				GCC_C_LANGUAGE_STANDARD = gnu11;
				GCC_DYNAMIC_NO_PIC = NO;
				GCC_NO_COMMON_BLOCKS = YES;
				GCC_OPTIMIZATION_LEVEL = 0;
				GCC_PREPROCESSOR_DEFINITIONS = (
					"DEBUG=1",
					"$(inherited)",
				);
				GCC_WARN_64_TO_32_BIT_CONVERSION = YES;
				GCC_WARN_ABOUT_RETURN_TYPE = YES_ERROR;
				GCC_WARN_UNDECLARED_SELECTOR = YES;
				GCC_WARN_UNINITIALIZED_AUTOS = YES_AGGRESSIVE;
				GCC_WARN_UNUSED_FUNCTION = YES;
				GCC_WARN_UNUSED_VARIABLE = YES;
				IPHONEOS_DEPLOYMENT_TARGET = 14.0;
				MTL_ENABLE_DEBUG_INFO = INCLUDE_SOURCE;
				MTL_FAST_MATH = YES;
				ONLY_ACTIVE_ARCH = YES;
				SDKROOT = iphoneos;
				SWIFT_ACTIVE_COMPILATION_CONDITIONS = DEBUG;
				SWIFT_OPTIMIZATION_LEVEL = "-Onone";
			};
			name = Debug;
		};
		64EC94DF254318D300B50EBF /* Release */ = {
			isa = XCBuildConfiguration;
			buildSettings = {
				ALWAYS_SEARCH_USER_PATHS = NO;
				CLANG_ANALYZER_NONNULL = YES;
				CLANG_ANALYZER_NUMBER_OBJECT_CONVERSION = YES_AGGRESSIVE;
				CLANG_CXX_LANGUAGE_STANDARD = "gnu++14";
				CLANG_CXX_LIBRARY = "libc++";
				CLANG_ENABLE_MODULES = YES;
				CLANG_ENABLE_OBJC_ARC = YES;
				CLANG_ENABLE_OBJC_WEAK = YES;
				CLANG_WARN_BLOCK_CAPTURE_AUTORELEASING = YES;
				CLANG_WARN_BOOL_CONVERSION = YES;
				CLANG_WARN_COMMA = YES;
				CLANG_WARN_CONSTANT_CONVERSION = YES;
				CLANG_WARN_DEPRECATED_OBJC_IMPLEMENTATIONS = YES;
				CLANG_WARN_DIRECT_OBJC_ISA_USAGE = YES_ERROR;
				CLANG_WARN_DOCUMENTATION_COMMENTS = YES;
				CLANG_WARN_EMPTY_BODY = YES;
				CLANG_WARN_ENUM_CONVERSION = YES;
				CLANG_WARN_INFINITE_RECURSION = YES;
				CLANG_WARN_INT_CONVERSION = YES;
				CLANG_WARN_NON_LITERAL_NULL_CONVERSION = YES;
				CLANG_WARN_OBJC_IMPLICIT_RETAIN_SELF = YES;
				CLANG_WARN_OBJC_LITERAL_CONVERSION = YES;
				CLANG_WARN_OBJC_ROOT_CLASS = YES_ERROR;
				CLANG_WARN_QUOTED_INCLUDE_IN_FRAMEWORK_HEADER = YES;
				CLANG_WARN_RANGE_LOOP_ANALYSIS = YES;
				CLANG_WARN_STRICT_PROTOTYPES = YES;
				CLANG_WARN_SUSPICIOUS_MOVE = YES;
				CLANG_WARN_UNGUARDED_AVAILABILITY = YES_AGGRESSIVE;
				CLANG_WARN_UNREACHABLE_CODE = YES;
				CLANG_WARN__DUPLICATE_METHOD_MATCH = YES;
				COPY_PHASE_STRIP = NO;
				DEBUG_INFORMATION_FORMAT = "dwarf-with-dsym";
				ENABLE_NS_ASSERTIONS = NO;
				ENABLE_STRICT_OBJC_MSGSEND = YES;
				GCC_C_LANGUAGE_STANDARD = gnu11;
				GCC_NO_COMMON_BLOCKS = YES;
				GCC_WARN_64_TO_32_BIT_CONVERSION = YES;
				GCC_WARN_ABOUT_RETURN_TYPE = YES_ERROR;
				GCC_WARN_UNDECLARED_SELECTOR = YES;
				GCC_WARN_UNINITIALIZED_AUTOS = YES_AGGRESSIVE;
				GCC_WARN_UNUSED_FUNCTION = YES;
				GCC_WARN_UNUSED_VARIABLE = YES;
				IPHONEOS_DEPLOYMENT_TARGET = 14.0;
				MTL_ENABLE_DEBUG_INFO = NO;
				MTL_FAST_MATH = YES;
				SDKROOT = iphoneos;
				SWIFT_COMPILATION_MODE = wholemodule;
				SWIFT_OPTIMIZATION_LEVEL = "-O";
				VALIDATE_PRODUCT = YES;
			};
			name = Release;
		};
		64EC94E1254318D300B50EBF /* Debug */ = {
			isa = XCBuildConfiguration;
			buildSettings = {
				ASSETCATALOG_COMPILER_APPICON_NAME = AppIcon;
				ASSETCATALOG_COMPILER_GLOBAL_ACCENT_COLOR_NAME = AccentColor;
				CODE_SIGN_STYLE = Automatic;
				DEVELOPMENT_TEAM = 9UVU6F3MA3;
				INFOPLIST_FILE = TicTacToe/Info.plist;
				LD_RUNPATH_SEARCH_PATHS = (
					"$(inherited)",
					"@executable_path/Frameworks",
				);
				PRODUCT_BUNDLE_IDENTIFIER = ar.com.angrymachine.TicTacToe;
				PRODUCT_NAME = "$(TARGET_NAME)";
				SWIFT_VERSION = 5.0;
				TARGETED_DEVICE_FAMILY = "1,2";
			};
			name = Debug;
		};
		64EC94E2254318D300B50EBF /* Release */ = {
			isa = XCBuildConfiguration;
			buildSettings = {
				ASSETCATALOG_COMPILER_APPICON_NAME = AppIcon;
				ASSETCATALOG_COMPILER_GLOBAL_ACCENT_COLOR_NAME = AccentColor;
				CODE_SIGN_STYLE = Automatic;
				DEVELOPMENT_TEAM = 9UVU6F3MA3;
				INFOPLIST_FILE = TicTacToe/Info.plist;
				LD_RUNPATH_SEARCH_PATHS = (
					"$(inherited)",
					"@executable_path/Frameworks",
				);
				PRODUCT_BUNDLE_IDENTIFIER = ar.com.angrymachine.TicTacToe;
				PRODUCT_NAME = "$(TARGET_NAME)";
				SWIFT_VERSION = 5.0;
				TARGETED_DEVICE_FAMILY = "1,2";
			};
			name = Release;
		};
		64EC94E4254318D300B50EBF /* Debug */ = {
			isa = XCBuildConfiguration;
			buildSettings = {
				ALWAYS_EMBED_SWIFT_STANDARD_LIBRARIES = YES;
				BUNDLE_LOADER = "$(TEST_HOST)";
				CODE_SIGN_STYLE = Automatic;
				DEVELOPMENT_TEAM = 9UVU6F3MA3;
				INFOPLIST_FILE = TicTacToeTests/Info.plist;
				IPHONEOS_DEPLOYMENT_TARGET = 14.0;
				LD_RUNPATH_SEARCH_PATHS = (
					"$(inherited)",
					"@executable_path/Frameworks",
					"@loader_path/Frameworks",
				);
				PRODUCT_BUNDLE_IDENTIFIER = ar.com.angrymachine.TicTacToeTests;
				PRODUCT_NAME = "$(TARGET_NAME)";
				SWIFT_VERSION = 5.0;
				TARGETED_DEVICE_FAMILY = "1,2";
				TEST_HOST = "$(BUILT_PRODUCTS_DIR)/TicTacToe.app/TicTacToe";
			};
			name = Debug;
		};
		64EC94E5254318D300B50EBF /* Release */ = {
			isa = XCBuildConfiguration;
			buildSettings = {
				ALWAYS_EMBED_SWIFT_STANDARD_LIBRARIES = YES;
				BUNDLE_LOADER = "$(TEST_HOST)";
				CODE_SIGN_STYLE = Automatic;
				DEVELOPMENT_TEAM = 9UVU6F3MA3;
				INFOPLIST_FILE = TicTacToeTests/Info.plist;
				IPHONEOS_DEPLOYMENT_TARGET = 14.0;
				LD_RUNPATH_SEARCH_PATHS = (
					"$(inherited)",
					"@executable_path/Frameworks",
					"@loader_path/Frameworks",
				);
				PRODUCT_BUNDLE_IDENTIFIER = ar.com.angrymachine.TicTacToeTests;
				PRODUCT_NAME = "$(TARGET_NAME)";
				SWIFT_VERSION = 5.0;
				TARGETED_DEVICE_FAMILY = "1,2";
				TEST_HOST = "$(BUILT_PRODUCTS_DIR)/TicTacToe.app/TicTacToe";
			};
			name = Release;
		};
		64EC94E7254318D300B50EBF /* Debug */ = {
			isa = XCBuildConfiguration;
			buildSettings = {
				ALWAYS_EMBED_SWIFT_STANDARD_LIBRARIES = YES;
				CODE_SIGN_STYLE = Automatic;
				DEVELOPMENT_TEAM = 9UVU6F3MA3;
				INFOPLIST_FILE = TicTacToeUITests/Info.plist;
				LD_RUNPATH_SEARCH_PATHS = (
					"$(inherited)",
					"@executable_path/Frameworks",
					"@loader_path/Frameworks",
				);
				PRODUCT_BUNDLE_IDENTIFIER = ar.com.angrymachine.TicTacToeUITests;
				PRODUCT_NAME = "$(TARGET_NAME)";
				SWIFT_VERSION = 5.0;
				TARGETED_DEVICE_FAMILY = "1,2";
				TEST_TARGET_NAME = TicTacToe;
			};
			name = Debug;
		};
		64EC94E8254318D300B50EBF /* Release */ = {
			isa = XCBuildConfiguration;
			buildSettings = {
				ALWAYS_EMBED_SWIFT_STANDARD_LIBRARIES = YES;
				CODE_SIGN_STYLE = Automatic;
				DEVELOPMENT_TEAM = 9UVU6F3MA3;
				INFOPLIST_FILE = TicTacToeUITests/Info.plist;
				LD_RUNPATH_SEARCH_PATHS = (
					"$(inherited)",
					"@executable_path/Frameworks",
					"@loader_path/Frameworks",
				);
				PRODUCT_BUNDLE_IDENTIFIER = ar.com.angrymachine.TicTacToeUITests;
				PRODUCT_NAME = "$(TARGET_NAME)";
				SWIFT_VERSION = 5.0;
				TARGETED_DEVICE_FAMILY = "1,2";
				TEST_TARGET_NAME = TicTacToe;
			};
			name = Release;
		};
/* End XCBuildConfiguration section */

/* Begin XCConfigurationList section */
		64EC94B1254318D000B50EBF /* Build configuration list for PBXProject "TicTacToe" */ = {
			isa = XCConfigurationList;
			buildConfigurations = (
				64EC94DE254318D300B50EBF /* Debug */,
				64EC94DF254318D300B50EBF /* Release */,
			);
			defaultConfigurationIsVisible = 0;
			defaultConfigurationName = Release;
		};
		64EC94E0254318D300B50EBF /* Build configuration list for PBXNativeTarget "TicTacToe" */ = {
			isa = XCConfigurationList;
			buildConfigurations = (
				64EC94E1254318D300B50EBF /* Debug */,
				64EC94E2254318D300B50EBF /* Release */,
			);
			defaultConfigurationIsVisible = 0;
			defaultConfigurationName = Release;
		};
		64EC94E3254318D300B50EBF /* Build configuration list for PBXNativeTarget "TicTacToeTests" */ = {
			isa = XCConfigurationList;
			buildConfigurations = (
				64EC94E4254318D300B50EBF /* Debug */,
				64EC94E5254318D300B50EBF /* Release */,
			);
			defaultConfigurationIsVisible = 0;
			defaultConfigurationName = Release;
		};
		64EC94E6254318D300B50EBF /* Build configuration list for PBXNativeTarget "TicTacToeUITests" */ = {
			isa = XCConfigurationList;
			buildConfigurations = (
				64EC94E7254318D300B50EBF /* Debug */,
				64EC94E8254318D300B50EBF /* Release */,
			);
			defaultConfigurationIsVisible = 0;
			defaultConfigurationName = Release;
		};
/* End XCConfigurationList section */
	};
	rootObject = 64EC94AE254318D000B50EBF /* Project object */;
}
